
Microsoft Visual Studio Solution File, Format Version 12.00
# Visual Studio Version 17
VisualStudioVersion = 17.9.34622.214
MinimumVisualStudioVersion = 10.0.40219.1
Project("{FAE04EC0-301F-11D3-BF4B-00C04F79EFBC}") = "Aula do dia 05.04.2023", "ConsoleApp1\Aula do dia 05.04.2023.csproj", "{6A42FABF-5C9B-41EB-87A7-8F594CBA452F}"
EndProject
Global
	GlobalSection(SolutionConfigurationPlatforms) = preSolution
		Debug|Any CPU = Debug|Any CPU
		Release|Any CPU = Release|Any CPU
	EndGlobalSection
	GlobalSection(ProjectConfigurationPlatforms) = postSolution
		{6A42FABF-5C9B-41EB-87A7-8F594CBA452F}.Debug|Any CPU.ActiveCfg = Debug|Any CPU
		{6A42FABF-5C9B-41EB-87A7-8F594CBA452F}.Debug|Any CPU.Build.0 = Debug|Any CPU
		{6A42FABF-5C9B-41EB-87A7-8F594CBA452F}.Release|Any CPU.ActiveCfg = Release|Any CPU
		{6A42FABF-5C9B-41EB-87A7-8F594CBA452F}.Release|Any CPU.Build.0 = Release|Any CPU
	EndGlobalSection
	GlobalSection(SolutionProperties) = preSolution
		HideSolutionNode = FALSE
	EndGlobalSection
	GlobalSection(ExtensibilityGlobals) = postSolution
		SolutionGuid = {20D86BF5-F717-4AD2-A69D-6B7C4ADC0F6A}
	EndGlobalSection
EndGlobal
